// !$*UTF8*$!
{
	archiveVersion = 1;
	classes = {
	};
	objectVersion = 56;
	objects = {

/* Begin PBXBuildFile section */
		CE3DB4372B457FA700B56C19 /* iDictionaryApp.swift in Sources */ = {isa = PBXBuildFile; fileRef = CE3DB4362B457FA700B56C19 /* iDictionaryApp.swift */; };
		CE3DB4392B457FA700B56C19 /* ContentView.swift in Sources */ = {isa = PBXBuildFile; fileRef = CE3DB4382B457FA700B56C19 /* ContentView.swift */; };
		CE3DB43B2B457FA800B56C19 /* Assets.xcassets in Resources */ = {isa = PBXBuildFile; fileRef = CE3DB43A2B457FA800B56C19 /* Assets.xcassets */; };
		CE3DB43E2B457FA800B56C19 /* Preview Assets.xcassets in Resources */ = {isa = PBXBuildFile; fileRef = CE3DB43D2B457FA800B56C19 /* Preview Assets.xcassets */; };
		CE3DB4482B457FA800B56C19 /* iDictionaryTests.swift in Sources */ = {isa = PBXBuildFile; fileRef = CE3DB4472B457FA800B56C19 /* iDictionaryTests.swift */; };
		CE3DB4522B457FA800B56C19 /* iDictionaryUITests.swift in Sources */ = {isa = PBXBuildFile; fileRef = CE3DB4512B457FA800B56C19 /* iDictionaryUITests.swift */; };
		CE3DB4542B457FA800B56C19 /* iDictionaryUITestsLaunchTests.swift in Sources */ = {isa = PBXBuildFile; fileRef = CE3DB4532B457FA800B56C19 /* iDictionaryUITestsLaunchTests.swift */; };
		CE3DB4622B45959C00B56C19 /* WordModel.swift in Sources */ = {isa = PBXBuildFile; fileRef = CE3DB4612B45959C00B56C19 /* WordModel.swift */; };
		CE3DB4652B45BE2800B56C19 /* WordViewModel.swift in Sources */ = {isa = PBXBuildFile; fileRef = CE3DB4642B45BE2800B56C19 /* WordViewModel.swift */; };
		CE6DAFA82BFE51D500EDFD19 /* LaunchViewModel.swift in Sources */ = {isa = PBXBuildFile; fileRef = CE6DAFA72BFE51D500EDFD19 /* LaunchViewModel.swift */; };
		CE6DAFB12BFF6D8300EDFD19 /* DefinitionCardView.swift in Sources */ = {isa = PBXBuildFile; fileRef = CE6DAFB02BFF6D8300EDFD19 /* DefinitionCardView.swift */; };
		CE9493C42B583F4D0079A952 /* words.txt in Resources */ = {isa = PBXBuildFile; fileRef = CE9493C32B583F4D0079A952 /* words.txt */; };
/* End PBXBuildFile section */

/* Begin PBXContainerItemProxy section */
		CE3DB4442B457FA800B56C19 /* PBXContainerItemProxy */ = {
			isa = PBXContainerItemProxy;
			containerPortal = CE3DB42B2B457FA700B56C19 /* Project object */;
			proxyType = 1;
			remoteGlobalIDString = CE3DB4322B457FA700B56C19;
			remoteInfo = iDictionary;
		};
		CE3DB44E2B457FA800B56C19 /* PBXContainerItemProxy */ = {
			isa = PBXContainerItemProxy;
			containerPortal = CE3DB42B2B457FA700B56C19 /* Project object */;
			proxyType = 1;
			remoteGlobalIDString = CE3DB4322B457FA700B56C19;
			remoteInfo = iDictionary;
		};
/* End PBXContainerItemProxy section */

/* Begin PBXFileReference section */
		CE3DB4332B457FA700B56C19 /* iDictionary.app */ = {isa = PBXFileReference; explicitFileType = wrapper.application; includeInIndex = 0; path = iDictionary.app; sourceTree = BUILT_PRODUCTS_DIR; };
		CE3DB4362B457FA700B56C19 /* iDictionaryApp.swift */ = {isa = PBXFileReference; lastKnownFileType = sourcecode.swift; path = iDictionaryApp.swift; sourceTree = "<group>"; };
		CE3DB4382B457FA700B56C19 /* ContentView.swift */ = {isa = PBXFileReference; lastKnownFileType = sourcecode.swift; path = ContentView.swift; sourceTree = "<group>"; };
		CE3DB43A2B457FA800B56C19 /* Assets.xcassets */ = {isa = PBXFileReference; lastKnownFileType = folder.assetcatalog; path = Assets.xcassets; sourceTree = "<group>"; };
		CE3DB43D2B457FA800B56C19 /* Preview Assets.xcassets */ = {isa = PBXFileReference; lastKnownFileType = folder.assetcatalog; path = "Preview Assets.xcassets"; sourceTree = "<group>"; };
		CE3DB4432B457FA800B56C19 /* iDictionaryTests.xctest */ = {isa = PBXFileReference; explicitFileType = wrapper.cfbundle; includeInIndex = 0; path = iDictionaryTests.xctest; sourceTree = BUILT_PRODUCTS_DIR; };
		CE3DB4472B457FA800B56C19 /* iDictionaryTests.swift */ = {isa = PBXFileReference; lastKnownFileType = sourcecode.swift; path = iDictionaryTests.swift; sourceTree = "<group>"; };
		CE3DB44D2B457FA800B56C19 /* iDictionaryUITests.xctest */ = {isa = PBXFileReference; explicitFileType = wrapper.cfbundle; includeInIndex = 0; path = iDictionaryUITests.xctest; sourceTree = BUILT_PRODUCTS_DIR; };
		CE3DB4512B457FA800B56C19 /* iDictionaryUITests.swift */ = {isa = PBXFileReference; lastKnownFileType = sourcecode.swift; path = iDictionaryUITests.swift; sourceTree = "<group>"; };
		CE3DB4532B457FA800B56C19 /* iDictionaryUITestsLaunchTests.swift */ = {isa = PBXFileReference; lastKnownFileType = sourcecode.swift; path = iDictionaryUITestsLaunchTests.swift; sourceTree = "<group>"; };
		CE3DB4612B45959C00B56C19 /* WordModel.swift */ = {isa = PBXFileReference; lastKnownFileType = sourcecode.swift; path = WordModel.swift; sourceTree = "<group>"; };
		CE3DB4642B45BE2800B56C19 /* WordViewModel.swift */ = {isa = PBXFileReference; lastKnownFileType = sourcecode.swift; path = WordViewModel.swift; sourceTree = "<group>"; };
		CE6DAFA72BFE51D500EDFD19 /* LaunchViewModel.swift */ = {isa = PBXFileReference; lastKnownFileType = sourcecode.swift; path = LaunchViewModel.swift; sourceTree = "<group>"; };
		CE6DAFB02BFF6D8300EDFD19 /* DefinitionCardView.swift */ = {isa = PBXFileReference; lastKnownFileType = sourcecode.swift; path = DefinitionCardView.swift; sourceTree = "<group>"; };
		CE9493C32B583F4D0079A952 /* words.txt */ = {isa = PBXFileReference; fileEncoding = 4; lastKnownFileType = text; path = words.txt; sourceTree = "<group>"; };
/* End PBXFileReference section */

/* Begin PBXFrameworksBuildPhase section */
		CE3DB4302B457FA700B56C19 /* Frameworks */ = {
			isa = PBXFrameworksBuildPhase;
			buildActionMask = 2147483647;
			files = (
			);
			runOnlyForDeploymentPostprocessing = 0;
		};
		CE3DB4402B457FA800B56C19 /* Frameworks */ = {
			isa = PBXFrameworksBuildPhase;
			buildActionMask = 2147483647;
			files = (
			);
			runOnlyForDeploymentPostprocessing = 0;
		};
		CE3DB44A2B457FA800B56C19 /* Frameworks */ = {
			isa = PBXFrameworksBuildPhase;
			buildActionMask = 2147483647;
			files = (
			);
			runOnlyForDeploymentPostprocessing = 0;
		};
/* End PBXFrameworksBuildPhase section */

/* Begin PBXGroup section */
		CE3DB42A2B457FA700B56C19 = {
			isa = PBXGroup;
			children = (
				CE3DB4352B457FA700B56C19 /* iDictionary */,
				CE3DB4462B457FA800B56C19 /* iDictionaryTests */,
				CE3DB4502B457FA800B56C19 /* iDictionaryUITests */,
				CE3DB4342B457FA700B56C19 /* Products */,
			);
			sourceTree = "<group>";
		};
		CE3DB4342B457FA700B56C19 /* Products */ = {
			isa = PBXGroup;
			children = (
				CE3DB4332B457FA700B56C19 /* iDictionary.app */,
				CE3DB4432B457FA800B56C19 /* iDictionaryTests.xctest */,
				CE3DB44D2B457FA800B56C19 /* iDictionaryUITests.xctest */,
			);
			name = Products;
			sourceTree = "<group>";
		};
		CE3DB4352B457FA700B56C19 /* iDictionary */ = {
			isa = PBXGroup;
			children = (
				CE6DAFAB2BFE5C6A00EDFD19 /* Views */,
				CE3DB4682B4B086300B56C19 /* Words */,
				CE3DB4632B45BDFC00B56C19 /* ViewModels */,
				CE3DB4602B45957500B56C19 /* Models */,
				CE3DB4362B457FA700B56C19 /* iDictionaryApp.swift */,
				CE3DB4382B457FA700B56C19 /* ContentView.swift */,
				CE3DB43A2B457FA800B56C19 /* Assets.xcassets */,
				CE3DB43C2B457FA800B56C19 /* Preview Content */,
			);
			path = iDictionary;
			sourceTree = "<group>";
		};
		CE3DB43C2B457FA800B56C19 /* Preview Content */ = {
			isa = PBXGroup;
			children = (
				CE3DB43D2B457FA800B56C19 /* Preview Assets.xcassets */,
			);
			path = "Preview Content";
			sourceTree = "<group>";
		};
		CE3DB4462B457FA800B56C19 /* iDictionaryTests */ = {
			isa = PBXGroup;
			children = (
				CE3DB4472B457FA800B56C19 /* iDictionaryTests.swift */,
			);
			path = iDictionaryTests;
			sourceTree = "<group>";
		};
		CE3DB4502B457FA800B56C19 /* iDictionaryUITests */ = {
			isa = PBXGroup;
			children = (
				CE3DB4512B457FA800B56C19 /* iDictionaryUITests.swift */,
				CE3DB4532B457FA800B56C19 /* iDictionaryUITestsLaunchTests.swift */,
			);
			path = iDictionaryUITests;
			sourceTree = "<group>";
		};
		CE3DB4602B45957500B56C19 /* Models */ = {
			isa = PBXGroup;
			children = (
				CE3DB4612B45959C00B56C19 /* WordModel.swift */,
			);
			path = Models;
			sourceTree = "<group>";
		};
		CE3DB4632B45BDFC00B56C19 /* ViewModels */ = {
			isa = PBXGroup;
			children = (
				CE3DB4642B45BE2800B56C19 /* WordViewModel.swift */,
				CE6DAFA72BFE51D500EDFD19 /* LaunchViewModel.swift */,
			);
			path = ViewModels;
			sourceTree = "<group>";
		};
		CE3DB4682B4B086300B56C19 /* Words */ = {
			isa = PBXGroup;
			children = (
				CE9493C32B583F4D0079A952 /* words.txt */,
			);
			path = Words;
			sourceTree = "<group>";
		};
		CE6DAFAB2BFE5C6A00EDFD19 /* Views */ = {
			isa = PBXGroup;
			children = (
				CE6DAFB02BFF6D8300EDFD19 /* DefinitionCardView.swift */,
			);
			path = Views;
			sourceTree = "<group>";
		};
/* End PBXGroup section */

/* Begin PBXNativeTarget section */
		CE3DB4322B457FA700B56C19 /* iDictionary */ = {
			isa = PBXNativeTarget;
			buildConfigurationList = CE3DB4572B457FA800B56C19 /* Build configuration list for PBXNativeTarget "iDictionary" */;
			buildPhases = (
				CE3DB42F2B457FA700B56C19 /* Sources */,
				CE3DB4302B457FA700B56C19 /* Frameworks */,
				CE3DB4312B457FA700B56C19 /* Resources */,
			);
			buildRules = (
			);
			dependencies = (
			);
			name = iDictionary;
			productName = iDictionary;
			productReference = CE3DB4332B457FA700B56C19 /* iDictionary.app */;
			productType = "com.apple.product-type.application";
		};
		CE3DB4422B457FA800B56C19 /* iDictionaryTests */ = {
			isa = PBXNativeTarget;
			buildConfigurationList = CE3DB45A2B457FA800B56C19 /* Build configuration list for PBXNativeTarget "iDictionaryTests" */;
			buildPhases = (
				CE3DB43F2B457FA800B56C19 /* Sources */,
				CE3DB4402B457FA800B56C19 /* Frameworks */,
				CE3DB4412B457FA800B56C19 /* Resources */,
			);
			buildRules = (
			);
			dependencies = (
				CE3DB4452B457FA800B56C19 /* PBXTargetDependency */,
			);
			name = iDictionaryTests;
			productName = iDictionaryTests;
			productReference = CE3DB4432B457FA800B56C19 /* iDictionaryTests.xctest */;
			productType = "com.apple.product-type.bundle.unit-test";
		};
		CE3DB44C2B457FA800B56C19 /* iDictionaryUITests */ = {
			isa = PBXNativeTarget;
			buildConfigurationList = CE3DB45D2B457FA800B56C19 /* Build configuration list for PBXNativeTarget "iDictionaryUITests" */;
			buildPhases = (
				CE3DB4492B457FA800B56C19 /* Sources */,
				CE3DB44A2B457FA800B56C19 /* Frameworks */,
				CE3DB44B2B457FA800B56C19 /* Resources */,
			);
			buildRules = (
			);
			dependencies = (
				CE3DB44F2B457FA800B56C19 /* PBXTargetDependency */,
			);
			name = iDictionaryUITests;
			productName = iDictionaryUITests;
			productReference = CE3DB44D2B457FA800B56C19 /* iDictionaryUITests.xctest */;
			productType = "com.apple.product-type.bundle.ui-testing";
		};
/* End PBXNativeTarget section */

/* Begin PBXProject section */
		CE3DB42B2B457FA700B56C19 /* Project object */ = {
			isa = PBXProject;
			attributes = {
				BuildIndependentTargetsInParallel = 1;
				LastSwiftUpdateCheck = 1510;
				LastUpgradeCheck = 1510;
				TargetAttributes = {
					CE3DB4322B457FA700B56C19 = {
						CreatedOnToolsVersion = 15.1;
					};
					CE3DB4422B457FA800B56C19 = {
						CreatedOnToolsVersion = 15.1;
						TestTargetID = CE3DB4322B457FA700B56C19;
					};
					CE3DB44C2B457FA800B56C19 = {
						CreatedOnToolsVersion = 15.1;
						TestTargetID = CE3DB4322B457FA700B56C19;
					};
				};
			};
			buildConfigurationList = CE3DB42E2B457FA700B56C19 /* Build configuration list for PBXProject "iDictionary" */;
			compatibilityVersion = "Xcode 14.0";
			developmentRegion = en;
			hasScannedForEncodings = 0;
			knownRegions = (
				en,
				Base,
			);
			mainGroup = CE3DB42A2B457FA700B56C19;
			productRefGroup = CE3DB4342B457FA700B56C19 /* Products */;
			projectDirPath = "";
			projectRoot = "";
			targets = (
				CE3DB4322B457FA700B56C19 /* iDictionary */,
				CE3DB4422B457FA800B56C19 /* iDictionaryTests */,
				CE3DB44C2B457FA800B56C19 /* iDictionaryUITests */,
			);
		};
/* End PBXProject section */

/* Begin PBXResourcesBuildPhase section */
		CE3DB4312B457FA700B56C19 /* Resources */ = {
			isa = PBXResourcesBuildPhase;
			buildActionMask = 2147483647;
			files = (
				CE3DB43E2B457FA800B56C19 /* Preview Assets.xcassets in Resources */,
				CE9493C42B583F4D0079A952 /* words.txt in Resources */,
				CE3DB43B2B457FA800B56C19 /* Assets.xcassets in Resources */,
			);
			runOnlyForDeploymentPostprocessing = 0;
		};
		CE3DB4412B457FA800B56C19 /* Resources */ = {
			isa = PBXResourcesBuildPhase;
			buildActionMask = 2147483647;
			files = (
			);
			runOnlyForDeploymentPostprocessing = 0;
		};
		CE3DB44B2B457FA800B56C19 /* Resources */ = {
			isa = PBXResourcesBuildPhase;
			buildActionMask = 2147483647;
			files = (
			);
			runOnlyForDeploymentPostprocessing = 0;
		};
/* End PBXResourcesBuildPhase section */

/* Begin PBXSourcesBuildPhase section */
		CE3DB42F2B457FA700B56C19 /* Sources */ = {
			isa = PBXSourcesBuildPhase;
			buildActionMask = 2147483647;
			files = (
				CE3DB4392B457FA700B56C19 /* ContentView.swift in Sources */,
				CE3DB4622B45959C00B56C19 /* WordModel.swift in Sources */,
				CE3DB4652B45BE2800B56C19 /* WordViewModel.swift in Sources */,
				CE6DAFA82BFE51D500EDFD19 /* LaunchViewModel.swift in Sources */,
				CE6DAFB12BFF6D8300EDFD19 /* DefinitionCardView.swift in Sources */,
				CE3DB4372B457FA700B56C19 /* iDictionaryApp.swift in Sources */,
			);
			runOnlyForDeploymentPostprocessing = 0;
		};
		CE3DB43F2B457FA800B56C19 /* Sources */ = {
			isa = PBXSourcesBuildPhase;
			buildActionMask = 2147483647;
			files = (
				CE3DB4482B457FA800B56C19 /* iDictionaryTests.swift in Sources */,
			);
			runOnlyForDeploymentPostprocessing = 0;
		};
		CE3DB4492B457FA800B56C19 /* Sources */ = {
			isa = PBXSourcesBuildPhase;
			buildActionMask = 2147483647;
			files = (
				CE3DB4542B457FA800B56C19 /* iDictionaryUITestsLaunchTests.swift in Sources */,
				CE3DB4522B457FA800B56C19 /* iDictionaryUITests.swift in Sources */,
			);
			runOnlyForDeploymentPostprocessing = 0;
		};
/* End PBXSourcesBuildPhase section */

/* Begin PBXTargetDependency section */
		CE3DB4452B457FA800B56C19 /* PBXTargetDependency */ = {
			isa = PBXTargetDependency;
			target = CE3DB4322B457FA700B56C19 /* iDictionary */;
			targetProxy = CE3DB4442B457FA800B56C19 /* PBXContainerItemProxy */;
		};
		CE3DB44F2B457FA800B56C19 /* PBXTargetDependency */ = {
			isa = PBXTargetDependency;
			target = CE3DB4322B457FA700B56C19 /* iDictionary */;
			targetProxy = CE3DB44E2B457FA800B56C19 /* PBXContainerItemProxy */;
		};
/* End PBXTargetDependency section */

/* Begin XCBuildConfiguration section */
		CE3DB4552B457FA800B56C19 /* Debug */ = {
			isa = XCBuildConfiguration;
			buildSettings = {
				ALWAYS_SEARCH_USER_PATHS = NO;
				ASSETCATALOG_COMPILER_GENERATE_SWIFT_ASSET_SYMBOL_EXTENSIONS = YES;
				CLANG_ANALYZER_NONNULL = YES;
				CLANG_ANALYZER_NUMBER_OBJECT_CONVERSION = YES_AGGRESSIVE;
				CLANG_CXX_LANGUAGE_STANDARD = "gnu++20";
				CLANG_ENABLE_MODULES = YES;
				CLANG_ENABLE_OBJC_ARC = YES;
				CLANG_ENABLE_OBJC_WEAK = YES;
				CLANG_WARN_BLOCK_CAPTURE_AUTORELEASING = YES;
				CLANG_WARN_BOOL_CONVERSION = YES;
				CLANG_WARN_COMMA = YES;
				CLANG_WARN_CONSTANT_CONVERSION = YES;
				CLANG_WARN_DEPRECATED_OBJC_IMPLEMENTATIONS = YES;
				CLANG_WARN_DIRECT_OBJC_ISA_USAGE = YES_ERROR;
				CLANG_WARN_DOCUMENTATION_COMMENTS = YES;
				CLANG_WARN_EMPTY_BODY = YES;
				CLANG_WARN_ENUM_CONVERSION = YES;
				CLANG_WARN_INFINITE_RECURSION = YES;
				CLANG_WARN_INT_CONVERSION = YES;
				CLANG_WARN_NON_LITERAL_NULL_CONVERSION = YES;
				CLANG_WARN_OBJC_IMPLICIT_RETAIN_SELF = YES;
				CLANG_WARN_OBJC_LITERAL_CONVERSION = YES;
				CLANG_WARN_OBJC_ROOT_CLASS = YES_ERROR;
				CLANG_WARN_QUOTED_INCLUDE_IN_FRAMEWORK_HEADER = YES;
				CLANG_WARN_RANGE_LOOP_ANALYSIS = YES;
				CLANG_WARN_STRICT_PROTOTYPES = YES;
				CLANG_WARN_SUSPICIOUS_MOVE = YES;
				CLANG_WARN_UNGUARDED_AVAILABILITY = YES_AGGRESSIVE;
				CLANG_WARN_UNREACHABLE_CODE = YES;
				CLANG_WARN__DUPLICATE_METHOD_MATCH = YES;
				COPY_PHASE_STRIP = NO;
				DEBUG_INFORMATION_FORMAT = dwarf;
				ENABLE_STRICT_OBJC_MSGSEND = YES;
				ENABLE_TESTABILITY = YES;
				ENABLE_USER_SCRIPT_SANDBOXING = YES;
				GCC_C_LANGUAGE_STANDARD = gnu17;
				GCC_DYNAMIC_NO_PIC = NO;
				GCC_NO_COMMON_BLOCKS = YES;
				GCC_OPTIMIZATION_LEVEL = 0;
				GCC_PREPROCESSOR_DEFINITIONS = (
					"DEBUG=1",
					"$(inherited)",
				);
				GCC_WARN_64_TO_32_BIT_CONVERSION = YES;
				GCC_WARN_ABOUT_RETURN_TYPE = YES_ERROR;
				GCC_WARN_UNDECLARED_SELECTOR = YES;
				GCC_WARN_UNINITIALIZED_AUTOS = YES_AGGRESSIVE;
				GCC_WARN_UNUSED_FUNCTION = YES;
				GCC_WARN_UNUSED_VARIABLE = YES;
				IPHONEOS_DEPLOYMENT_TARGET = 17.2;
				LOCALIZATION_PREFERS_STRING_CATALOGS = YES;
				MTL_ENABLE_DEBUG_INFO = INCLUDE_SOURCE;
				MTL_FAST_MATH = YES;
				ONLY_ACTIVE_ARCH = YES;
				SDKROOT = iphoneos;
				SWIFT_ACTIVE_COMPILATION_CONDITIONS = "DEBUG $(inherited)";
				SWIFT_OPTIMIZATION_LEVEL = "-Onone";
			};
			name = Debug;
		};
		CE3DB4562B457FA800B56C19 /* Release */ = {
			isa = XCBuildConfiguration;
			buildSettings = {
				ALWAYS_SEARCH_USER_PATHS = NO;
				ASSETCATALOG_COMPILER_GENERATE_SWIFT_ASSET_SYMBOL_EXTENSIONS = YES;
				CLANG_ANALYZER_NONNULL = YES;
				CLANG_ANALYZER_NUMBER_OBJECT_CONVERSION = YES_AGGRESSIVE;
				CLANG_CXX_LANGUAGE_STANDARD = "gnu++20";
				CLANG_ENABLE_MODULES = YES;
				CLANG_ENABLE_OBJC_ARC = YES;
				CLANG_ENABLE_OBJC_WEAK = YES;
				CLANG_WARN_BLOCK_CAPTURE_AUTORELEASING = YES;
				CLANG_WARN_BOOL_CONVERSION = YES;
				CLANG_WARN_COMMA = YES;
				CLANG_WARN_CONSTANT_CONVERSION = YES;
				CLANG_WARN_DEPRECATED_OBJC_IMPLEMENTATIONS = YES;
				CLANG_WARN_DIRECT_OBJC_ISA_USAGE = YES_ERROR;
				CLANG_WARN_DOCUMENTATION_COMMENTS = YES;
				CLANG_WARN_EMPTY_BODY = YES;
				CLANG_WARN_ENUM_CONVERSION = YES;
				CLANG_WARN_INFINITE_RECURSION = YES;
				CLANG_WARN_INT_CONVERSION = YES;
				CLANG_WARN_NON_LITERAL_NULL_CONVERSION = YES;
				CLANG_WARN_OBJC_IMPLICIT_RETAIN_SELF = YES;
				CLANG_WARN_OBJC_LITERAL_CONVERSION = YES;
				CLANG_WARN_OBJC_ROOT_CLASS = YES_ERROR;
				CLANG_WARN_QUOTED_INCLUDE_IN_FRAMEWORK_HEADER = YES;
				CLANG_WARN_RANGE_LOOP_ANALYSIS = YES;
				CLANG_WARN_STRICT_PROTOTYPES = YES;
				CLANG_WARN_SUSPICIOUS_MOVE = YES;
				CLANG_WARN_UNGUARDED_AVAILABILITY = YES_AGGRESSIVE;
				CLANG_WARN_UNREACHABLE_CODE = YES;
				CLANG_WARN__DUPLICATE_METHOD_MATCH = YES;
				COPY_PHASE_STRIP = NO;
				DEBUG_INFORMATION_FORMAT = "dwarf-with-dsym";
				ENABLE_NS_ASSERTIONS = NO;
				ENABLE_STRICT_OBJC_MSGSEND = YES;
				ENABLE_USER_SCRIPT_SANDBOXING = YES;
				GCC_C_LANGUAGE_STANDARD = gnu17;
				GCC_NO_COMMON_BLOCKS = YES;
				GCC_WARN_64_TO_32_BIT_CONVERSION = YES;
				GCC_WARN_ABOUT_RETURN_TYPE = YES_ERROR;
				GCC_WARN_UNDECLARED_SELECTOR = YES;
				GCC_WARN_UNINITIALIZED_AUTOS = YES_AGGRESSIVE;
				GCC_WARN_UNUSED_FUNCTION = YES;
				GCC_WARN_UNUSED_VARIABLE = YES;
				IPHONEOS_DEPLOYMENT_TARGET = 17.2;
				LOCALIZATION_PREFERS_STRING_CATALOGS = YES;
				MTL_ENABLE_DEBUG_INFO = NO;
				MTL_FAST_MATH = YES;
				SDKROOT = iphoneos;
				SWIFT_COMPILATION_MODE = wholemodule;
				VALIDATE_PRODUCT = YES;
			};
			name = Release;
		};
		CE3DB4582B457FA800B56C19 /* Debug */ = {
			isa = XCBuildConfiguration;
			buildSettings = {
				ASSETCATALOG_COMPILER_APPICON_NAME = AppIcon;
				ASSETCATALOG_COMPILER_GLOBAL_ACCENT_COLOR_NAME = AccentColor;
				CODE_SIGN_STYLE = Automatic;
				CURRENT_PROJECT_VERSION = 1;
				DEVELOPMENT_ASSET_PATHS = "\"iDictionary/Preview Content\"";
				ENABLE_PREVIEWS = YES;
				GENERATE_INFOPLIST_FILE = YES;
				INFOPLIST_KEY_UIApplicationSceneManifest_Generation = YES;
				INFOPLIST_KEY_UIApplicationSupportsIndirectInputEvents = YES;
				INFOPLIST_KEY_UILaunchScreen_Generation = YES;
				INFOPLIST_KEY_UISupportedInterfaceOrientations_iPad = "UIInterfaceOrientationPortrait UIInterfaceOrientationPortraitUpsideDown UIInterfaceOrientationLandscapeLeft UIInterfaceOrientationLandscapeRight";
				INFOPLIST_KEY_UISupportedInterfaceOrientations_iPhone = "UIInterfaceOrientationPortrait UIInterfaceOrientationLandscapeLeft UIInterfaceOrientationLandscapeRight";
				LD_RUNPATH_SEARCH_PATHS = (
					"$(inherited)",
					"@executable_path/Frameworks",
				);
				MARKETING_VERSION = 1.0;
				PRODUCT_BUNDLE_IDENTIFIER = com.guren.iDictionary;
				PRODUCT_NAME = "$(TARGET_NAME)";
				SWIFT_EMIT_LOC_STRINGS = YES;
				SWIFT_VERSION = 5.0;
				TARGETED_DEVICE_FAMILY = "1,2";
			};
			name = Debug;
		};
		CE3DB4592B457FA800B56C19 /* Release */ = {
			isa = XCBuildConfiguration;
			buildSettings = {
				ASSETCATALOG_COMPILER_APPICON_NAME = AppIcon;
				ASSETCATALOG_COMPILER_GLOBAL_ACCENT_COLOR_NAME = AccentColor;
				CODE_SIGN_STYLE = Automatic;
				CURRENT_PROJECT_VERSION = 1;
				DEVELOPMENT_ASSET_PATHS = "\"iDictionary/Preview Content\"";
				ENABLE_PREVIEWS = YES;
				GENERATE_INFOPLIST_FILE = YES;
				INFOPLIST_KEY_UIApplicationSceneManifest_Generation = YES;
				INFOPLIST_KEY_UIApplicationSupportsIndirectInputEvents = YES;
				INFOPLIST_KEY_UILaunchScreen_Generation = YES;
				INFOPLIST_KEY_UISupportedInterfaceOrientations_iPad = "UIInterfaceOrientationPortrait UIInterfaceOrientationPortraitUpsideDown UIInterfaceOrientationLandscapeLeft UIInterfaceOrientationLandscapeRight";
				INFOPLIST_KEY_UISupportedInterfaceOrientations_iPhone = "UIInterfaceOrientationPortrait UIInterfaceOrientationLandscapeLeft UIInterfaceOrientationLandscapeRight";
				LD_RUNPATH_SEARCH_PATHS = (
					"$(inherited)",
					"@executable_path/Frameworks",
				);
				MARKETING_VERSION = 1.0;
				PRODUCT_BUNDLE_IDENTIFIER = com.guren.iDictionary;
				PRODUCT_NAME = "$(TARGET_NAME)";
				SWIFT_EMIT_LOC_STRINGS = YES;
				SWIFT_VERSION = 5.0;
				TARGETED_DEVICE_FAMILY = "1,2";
			};
			name = Release;
		};
		CE3DB45B2B457FA800B56C19 /* Debug */ = {
			isa = XCBuildConfiguration;
			buildSettings = {
				ALWAYS_EMBED_SWIFT_STANDARD_LIBRARIES = YES;
				BUNDLE_LOADER = "$(TEST_HOST)";
				CODE_SIGN_STYLE = Automatic;
				CURRENT_PROJECT_VERSION = 1;
				GENERATE_INFOPLIST_FILE = YES;
				IPHONEOS_DEPLOYMENT_TARGET = 17.2;
				MARKETING_VERSION = 1.0;
				PRODUCT_BUNDLE_IDENTIFIER = com.guren.iDictionaryTests;
				PRODUCT_NAME = "$(TARGET_NAME)";
				SWIFT_EMIT_LOC_STRINGS = NO;
				SWIFT_VERSION = 5.0;
				TARGETED_DEVICE_FAMILY = "1,2";
				TEST_HOST = "$(BUILT_PRODUCTS_DIR)/iDictionary.app/$(BUNDLE_EXECUTABLE_FOLDER_PATH)/iDictionary";
			};
			name = Debug;
		};
		CE3DB45C2B457FA800B56C19 /* Release */ = {
			isa = XCBuildConfiguration;
			buildSettings = {
				ALWAYS_EMBED_SWIFT_STANDARD_LIBRARIES = YES;
				BUNDLE_LOADER = "$(TEST_HOST)";
				CODE_SIGN_STYLE = Automatic;
				CURRENT_PROJECT_VERSION = 1;
				GENERATE_INFOPLIST_FILE = YES;
				IPHONEOS_DEPLOYMENT_TARGET = 17.2;
				MARKETING_VERSION = 1.0;
				PRODUCT_BUNDLE_IDENTIFIER = com.guren.iDictionaryTests;
				PRODUCT_NAME = "$(TARGET_NAME)";
				SWIFT_EMIT_LOC_STRINGS = NO;
				SWIFT_VERSION = 5.0;
				TARGETED_DEVICE_FAMILY = "1,2";
				TEST_HOST = "$(BUILT_PRODUCTS_DIR)/iDictionary.app/$(BUNDLE_EXECUTABLE_FOLDER_PATH)/iDictionary";
			};
			name = Release;
		};
		CE3DB45E2B457FA800B56C19 /* Debug */ = {
			isa = XCBuildConfiguration;
			buildSettings = {
				ALWAYS_EMBED_SWIFT_STANDARD_LIBRARIES = YES;
				CODE_SIGN_STYLE = Automatic;
				CURRENT_PROJECT_VERSION = 1;
				GENERATE_INFOPLIST_FILE = YES;
				MARKETING_VERSION = 1.0;
				PRODUCT_BUNDLE_IDENTIFIER = com.guren.iDictionaryUITests;
				PRODUCT_NAME = "$(TARGET_NAME)";
				SWIFT_EMIT_LOC_STRINGS = NO;
				SWIFT_VERSION = 5.0;
				TARGETED_DEVICE_FAMILY = "1,2";
				TEST_TARGET_NAME = iDictionary;
			};
			name = Debug;
		};
		CE3DB45F2B457FA800B56C19 /* Release */ = {
			isa = XCBuildConfiguration;
			buildSettings = {
				ALWAYS_EMBED_SWIFT_STANDARD_LIBRARIES = YES;
				CODE_SIGN_STYLE = Automatic;
				CURRENT_PROJECT_VERSION = 1;
				GENERATE_INFOPLIST_FILE = YES;
				MARKETING_VERSION = 1.0;
				PRODUCT_BUNDLE_IDENTIFIER = com.guren.iDictionaryUITests;
				PRODUCT_NAME = "$(TARGET_NAME)";
				SWIFT_EMIT_LOC_STRINGS = NO;
				SWIFT_VERSION = 5.0;
				TARGETED_DEVICE_FAMILY = "1,2";
				TEST_TARGET_NAME = iDictionary;
			};
			name = Release;
		};
/* End XCBuildConfiguration section */

/* Begin XCConfigurationList section */
		CE3DB42E2B457FA700B56C19 /* Build configuration list for PBXProject "iDictionary" */ = {
			isa = XCConfigurationList;
			buildConfigurations = (
				CE3DB4552B457FA800B56C19 /* Debug */,
				CE3DB4562B457FA800B56C19 /* Release */,
			);
			defaultConfigurationIsVisible = 0;
			defaultConfigurationName = Release;
		};
		CE3DB4572B457FA800B56C19 /* Build configuration list for PBXNativeTarget "iDictionary" */ = {
			isa = XCConfigurationList;
			buildConfigurations = (
				CE3DB4582B457FA800B56C19 /* Debug */,
				CE3DB4592B457FA800B56C19 /* Release */,
			);
			defaultConfigurationIsVisible = 0;
			defaultConfigurationName = Release;
		};
		CE3DB45A2B457FA800B56C19 /* Build configuration list for PBXNativeTarget "iDictionaryTests" */ = {
			isa = XCConfigurationList;
			buildConfigurations = (
				CE3DB45B2B457FA800B56C19 /* Debug */,
				CE3DB45C2B457FA800B56C19 /* Release */,
			);
			defaultConfigurationIsVisible = 0;
			defaultConfigurationName = Release;
		};
		CE3DB45D2B457FA800B56C19 /* Build configuration list for PBXNativeTarget "iDictionaryUITests" */ = {
			isa = XCConfigurationList;
			buildConfigurations = (
				CE3DB45E2B457FA800B56C19 /* Debug */,
				CE3DB45F2B457FA800B56C19 /* Release */,
			);
			defaultConfigurationIsVisible = 0;
			defaultConfigurationName = Release;
		};
/* End XCConfigurationList section */
	};
	rootObject = CE3DB42B2B457FA700B56C19 /* Project object */;
}
